
Microsoft Visual Studio Solution File, Format Version 12.00
# Visual Studio Version 17
VisualStudioVersion = 17.11.35312.102
MinimumVisualStudioVersion = 10.0.40219.1
Project("{8BC9CEB8-8B4A-11D0-8D11-00A0C91BC942}") = "ConsoleApplication11", "ConsoleApplication11.vcxproj", "{79944210-4080-4DF1-84E6-D23595E4549E}"
EndProject
Global
	GlobalSection(SolutionConfigurationPlatforms) = preSolution
		Debug|x64 = Debug|x64
		Debug|x86 = Debug|x86
		Release|x64 = Release|x64
		Release|x86 = Release|x86
	EndGlobalSection
	GlobalSection(ProjectConfigurationPlatforms) = postSolution
		{79944210-4080-4DF1-84E6-D23595E4549E}.Debug|x64.ActiveCfg = Debug|x64
		{79944210-4080-4DF1-84E6-D23595E4549E}.Debug|x64.Build.0 = Debug|x64
		{79944210-4080-4DF1-84E6-D23595E4549E}.Debug|x86.ActiveCfg = Debug|Win32
		{79944210-4080-4DF1-84E6-D23595E4549E}.Debug|x86.Build.0 = Debug|Win32
		{79944210-4080-4DF1-84E6-D23595E4549E}.Release|x64.ActiveCfg = Release|x64
		{79944210-4080-4DF1-84E6-D23595E4549E}.Release|x64.Build.0 = Release|x64
		{79944210-4080-4DF1-84E6-D23595E4549E}.Release|x86.ActiveCfg = Release|Win32
		{79944210-4080-4DF1-84E6-D23595E4549E}.Release|x86.Build.0 = Release|Win32
	EndGlobalSection
	GlobalSection(SolutionProperties) = preSolution
		HideSolutionNode = FALSE
	EndGlobalSection
	GlobalSection(ExtensibilityGlobals) = postSolution
		SolutionGuid = {50B38F9C-8508-4DA9-B545-D84D9CF33108}
	EndGlobalSection
EndGlobal
